
Microsoft Visual Studio Solution File, Format Version 12.00
# Visual Studio Version 17
VisualStudioVersion = 17.7.34031.279
MinimumVisualStudioVersion = 10.0.40219.1
Project("{FAE04EC0-301F-11D3-BF4B-00C04F79EFBC}") = "Ejercicio01Suma", "Ejercicio01Suma.csproj", "{3B056BA0-107E-45FD-8FF0-1B975E01616F}"
EndProject
Global
	GlobalSection(SolutionConfigurationPlatforms) = preSolution
		Debug|Any CPU = Debug|Any CPU
		Release|Any CPU = Release|Any CPU
	EndGlobalSection
	GlobalSection(ProjectConfigurationPlatforms) = postSolution
		{3B056BA0-107E-45FD-8FF0-1B975E01616F}.Debug|Any CPU.ActiveCfg = Debug|Any CPU
		{3B056BA0-107E-45FD-8FF0-1B975E01616F}.Debug|Any CPU.Build.0 = Debug|Any CPU
		{3B056BA0-107E-45FD-8FF0-1B975E01616F}.Release|Any CPU.ActiveCfg = Release|Any CPU
		{3B056BA0-107E-45FD-8FF0-1B975E01616F}.Release|Any CPU.Build.0 = Release|Any CPU
	EndGlobalSection
	GlobalSection(SolutionProperties) = preSolution
		HideSolutionNode = FALSE
	EndGlobalSection
	GlobalSection(ExtensibilityGlobals) = postSolution
		SolutionGuid = {4EB90037-39A3-4C16-AF59-0E685924751D}
	EndGlobalSection
EndGlobal
